
Microsoft Visual Studio Solution File, Format Version 12.00
# Visual Studio Version 17
VisualStudioVersion = 17.6.33723.286
MinimumVisualStudioVersion = 10.0.40219.1
Project("{FAE04EC0-301F-11D3-BF4B-00C04F79EFBC}") = "LibraryManagement", "LibraryManagement\LibraryManagement.csproj", "{ABA415FB-4E70-43D6-BCB4-A5647A94A240}"
EndProject
Project("{FAE04EC0-301F-11D3-BF4B-00C04F79EFBC}") = "LibraryManagementApi", "LibraryManagementApi\LibraryManagementApi.csproj", "{E9E34C1A-A9C8-4825-B723-7AC4A2B5C0B5}"
EndProject
Global
	GlobalSection(SolutionConfigurationPlatforms) = preSolution
		Debug|Any CPU = Debug|Any CPU
		Release|Any CPU = Release|Any CPU
	EndGlobalSection
	GlobalSection(ProjectConfigurationPlatforms) = postSolution
		{ABA415FB-4E70-43D6-BCB4-A5647A94A240}.Debug|Any CPU.ActiveCfg = Debug|Any CPU
		{ABA415FB-4E70-43D6-BCB4-A5647A94A240}.Debug|Any CPU.Build.0 = Debug|Any CPU
		{ABA415FB-4E70-43D6-BCB4-A5647A94A240}.Release|Any CPU.ActiveCfg = Release|Any CPU
		{ABA415FB-4E70-43D6-BCB4-A5647A94A240}.Release|Any CPU.Build.0 = Release|Any CPU
		{E9E34C1A-A9C8-4825-B723-7AC4A2B5C0B5}.Debug|Any CPU.ActiveCfg = Debug|Any CPU
		{E9E34C1A-A9C8-4825-B723-7AC4A2B5C0B5}.Debug|Any CPU.Build.0 = Debug|Any CPU
		{E9E34C1A-A9C8-4825-B723-7AC4A2B5C0B5}.Release|Any CPU.ActiveCfg = Release|Any CPU
		{E9E34C1A-A9C8-4825-B723-7AC4A2B5C0B5}.Release|Any CPU.Build.0 = Release|Any CPU
	EndGlobalSection
	GlobalSection(SolutionProperties) = preSolution
		HideSolutionNode = FALSE
	EndGlobalSection
	GlobalSection(ExtensibilityGlobals) = postSolution
		SolutionGuid = {B33ADE44-B5C1-4A06-9CF9-A6B15F5BC5DE}
	EndGlobalSection
EndGlobal
